
Microsoft Visual Studio Solution File, Format Version 12.00
Project("{FAE04EC0-301F-11D3-BF4B-00C04F79EFBC}") = "gli-gps", "gli-gps.csproj", "{935B9EDB-651B-4D0E-B8D3-4B1C1E2254CC}"
EndProject
Global
	GlobalSection(SolutionConfigurationPlatforms) = preSolution
		Debug|Any CPU = Debug|Any CPU
		Release|Any CPU = Release|Any CPU
	EndGlobalSection
	GlobalSection(ProjectConfigurationPlatforms) = postSolution
		{935B9EDB-651B-4D0E-B8D3-4B1C1E2254CC}.Debug|Any CPU.ActiveCfg = Debug|Any CPU
		{935B9EDB-651B-4D0E-B8D3-4B1C1E2254CC}.Debug|Any CPU.Build.0 = Debug|Any CPU
		{935B9EDB-651B-4D0E-B8D3-4B1C1E2254CC}.Release|Any CPU.ActiveCfg = Release|Any CPU
		{935B9EDB-651B-4D0E-B8D3-4B1C1E2254CC}.Release|Any CPU.Build.0 = Release|Any CPU
	EndGlobalSection
EndGlobal
